
Microsoft Visual Studio Solution File, Format Version 12.00
# Visual Studio Version 17
VisualStudioVersion = 17.11.35431.28
MinimumVisualStudioVersion = 10.0.40219.1
Project("{FAE04EC0-301F-11D3-BF4B-00C04F79EFBC}") = "TaskManagement", "TaskManagement\TaskManagement.csproj", "{23B935B9-896C-431C-B794-5BF8A6262D37}"
EndProject
Project("{FAE04EC0-301F-11D3-BF4B-00C04F79EFBC}") = "TaskManagement.Core", "TaskManagement.Core\TaskManagement.Core.csproj", "{CC158FF2-0F60-4E2B-88D6-58578C1BF2BC}"
EndProject
Project("{2150E333-8FDC-42A3-9474-1A3956D46DE8}") = "Kubernetes", "Kubernetes", "{02EA681E-C7D8-13C7-8484-4AC65E1B71E8}"
	ProjectSection(SolutionItems) = preProject
		api-deployment.yaml = api-deployment.yaml
	EndProjectSection
EndProject
Project("{2150E333-8FDC-42A3-9474-1A3956D46DE8}") = "Solution Items", "Solution Items", "{8EC462FD-D22E-90A8-E5CE-7E832BA40C5D}"
	ProjectSection(SolutionItems) = preProject
		api-hpa.yaml = api-hpa.yaml
		api-service.yaml = api-service.yaml
		docker-compose.yml = docker-compose.yml
		Dockerfile.yml = Dockerfile.yml
		ingress.yaml = ingress.yaml
		secrets.yaml = secrets.yaml
	EndProjectSection
EndProject
Project("{FAE04EC0-301F-11D3-BF4B-00C04F79EFBC}") = "TaskManagement.Test", "TaskManagement.Test\TaskManagement.Test.csproj", "{8C4E62E5-1177-4052-9580-5F0FC4CD9EC3}"
EndProject
Global
	GlobalSection(SolutionConfigurationPlatforms) = preSolution
		Debug|Any CPU = Debug|Any CPU
		Release|Any CPU = Release|Any CPU
	EndGlobalSection
	GlobalSection(ProjectConfigurationPlatforms) = postSolution
		{23B935B9-896C-431C-B794-5BF8A6262D37}.Debug|Any CPU.ActiveCfg = Debug|Any CPU
		{23B935B9-896C-431C-B794-5BF8A6262D37}.Debug|Any CPU.Build.0 = Debug|Any CPU
		{23B935B9-896C-431C-B794-5BF8A6262D37}.Release|Any CPU.ActiveCfg = Release|Any CPU
		{23B935B9-896C-431C-B794-5BF8A6262D37}.Release|Any CPU.Build.0 = Release|Any CPU
		{CC158FF2-0F60-4E2B-88D6-58578C1BF2BC}.Debug|Any CPU.ActiveCfg = Debug|Any CPU
		{CC158FF2-0F60-4E2B-88D6-58578C1BF2BC}.Debug|Any CPU.Build.0 = Debug|Any CPU
		{CC158FF2-0F60-4E2B-88D6-58578C1BF2BC}.Release|Any CPU.ActiveCfg = Release|Any CPU
		{CC158FF2-0F60-4E2B-88D6-58578C1BF2BC}.Release|Any CPU.Build.0 = Release|Any CPU
		{8C4E62E5-1177-4052-9580-5F0FC4CD9EC3}.Debug|Any CPU.ActiveCfg = Debug|Any CPU
		{8C4E62E5-1177-4052-9580-5F0FC4CD9EC3}.Debug|Any CPU.Build.0 = Debug|Any CPU
		{8C4E62E5-1177-4052-9580-5F0FC4CD9EC3}.Release|Any CPU.ActiveCfg = Release|Any CPU
		{8C4E62E5-1177-4052-9580-5F0FC4CD9EC3}.Release|Any CPU.Build.0 = Release|Any CPU
	EndGlobalSection
	GlobalSection(SolutionProperties) = preSolution
		HideSolutionNode = FALSE
	EndGlobalSection
	GlobalSection(ExtensibilityGlobals) = postSolution
		SolutionGuid = {5F6A1AB2-5D81-414A-AEFA-FBF412EE48ED}
	EndGlobalSection
EndGlobal
